uuid: ''
langcode: en
status: true
dependencies:
  module:
    - laci_indiana
  theme:
    - olivero
theme: olivero
region: sidebar
weight: 0
provider: laci_indiana
plugin: laci_help_block
settings:
  id: laci_help_block
  label: 'LACI Help'
  label_display: '0'
  provider: laci_indiana
visibility: {  }
